
Microsoft Visual Studio Solution File, Format Version 12.00
# Visual Studio 15
VisualStudioVersion = 15.0.27703.2018
MinimumVisualStudioVersion = 10.0.40219.1
Project("{FAE04EC0-301F-11D3-BF4B-00C04F79EFBC}") = "MemoryTest_1", "MemoryTest_1\MemoryTest_1.csproj", "{77331CC7-7EB0-4907-AEA9-08BFE60C55EF}"
EndProject
Global
	GlobalSection(SolutionConfigurationPlatforms) = preSolution
		Debug|Any CPU = Debug|Any CPU
		Release|Any CPU = Release|Any CPU
	EndGlobalSection
	GlobalSection(ProjectConfigurationPlatforms) = postSolution
		{77331CC7-7EB0-4907-AEA9-08BFE60C55EF}.Debug|Any CPU.ActiveCfg = Debug|Any CPU
		{77331CC7-7EB0-4907-AEA9-08BFE60C55EF}.Debug|Any CPU.Build.0 = Debug|Any CPU
		{77331CC7-7EB0-4907-AEA9-08BFE60C55EF}.Release|Any CPU.ActiveCfg = Release|Any CPU
		{77331CC7-7EB0-4907-AEA9-08BFE60C55EF}.Release|Any CPU.Build.0 = Release|Any CPU
	EndGlobalSection
	GlobalSection(SolutionProperties) = preSolution
		HideSolutionNode = FALSE
	EndGlobalSection
	GlobalSection(ExtensibilityGlobals) = postSolution
		SolutionGuid = {51561E36-8018-49AF-9156-B8F4CB834CE9}
	EndGlobalSection
EndGlobal
